
Microsoft Visual Studio Solution File, Format Version 12.00
Project("{FAE04EC0-301F-11D3-BF4B-00C04F79EFBC}") = "LEDUC_Henri_MAZARDIN_Gregoire_TP2_ST2TRD", "LEDUC_Henri_MAZARDIN_Gregoire_TP2_ST2TRD\LEDUC_Henri_MAZARDIN_Gregoire_TP2_ST2TRD.csproj", "{A364E06D-52FB-4C99-B62D-0740E45149D6}"
EndProject
Global
	GlobalSection(SolutionConfigurationPlatforms) = preSolution
		Debug|Any CPU = Debug|Any CPU
		Release|Any CPU = Release|Any CPU
	EndGlobalSection
	GlobalSection(ProjectConfigurationPlatforms) = postSolution
		{A364E06D-52FB-4C99-B62D-0740E45149D6}.Debug|Any CPU.ActiveCfg = Debug|Any CPU
		{A364E06D-52FB-4C99-B62D-0740E45149D6}.Debug|Any CPU.Build.0 = Debug|Any CPU
		{A364E06D-52FB-4C99-B62D-0740E45149D6}.Release|Any CPU.ActiveCfg = Release|Any CPU
		{A364E06D-52FB-4C99-B62D-0740E45149D6}.Release|Any CPU.Build.0 = Release|Any CPU
	EndGlobalSection
EndGlobal
